
Microsoft Visual Studio Solution File, Format Version 12.00
# Visual Studio 14
VisualStudioVersion = 14.0.25123.0
MinimumVisualStudioVersion = 10.0.40219.1
Project("{8BC9CEB8-8B4A-11D0-8D11-00A0C91BC942}") = "GUI", "GUI.vcxproj", "{7DDDC89C-2934-49B1-83C6-DAED66479C7B}"
EndProject
Global
	GlobalSection(SolutionConfigurationPlatforms) = preSolution
		Debug|Win32 = Debug|Win32
		Debug|x64 = Debug|x64
		Debug|x86 = Debug|x86
		DebugU|Win32 = DebugU|Win32
		DebugU|x64 = DebugU|x64
		DebugU|x86 = DebugU|x86
		Release|Win32 = Release|Win32
		Release|x64 = Release|x64
		Release|x86 = Release|x86
		ReleaseU|Win32 = ReleaseU|Win32
		ReleaseU|x64 = ReleaseU|x64
		ReleaseU|x86 = ReleaseU|x86
	EndGlobalSection
	GlobalSection(ProjectConfigurationPlatforms) = postSolution
		{7DDDC89C-2934-49B1-83C6-DAED66479C7B}.Debug|Win32.ActiveCfg = Debug|Win32
		{7DDDC89C-2934-49B1-83C6-DAED66479C7B}.Debug|x64.ActiveCfg = Debug|x64
		{7DDDC89C-2934-49B1-83C6-DAED66479C7B}.Debug|x64.Build.0 = Debug|x64
		{7DDDC89C-2934-49B1-83C6-DAED66479C7B}.Debug|x86.ActiveCfg = Debug|Win32
		{7DDDC89C-2934-49B1-83C6-DAED66479C7B}.Debug|x86.Build.0 = Debug|Win32
		{7DDDC89C-2934-49B1-83C6-DAED66479C7B}.DebugU|Win32.ActiveCfg = DebugU|Win32
		{7DDDC89C-2934-49B1-83C6-DAED66479C7B}.DebugU|x64.ActiveCfg = DebugU|x64
		{7DDDC89C-2934-49B1-83C6-DAED66479C7B}.DebugU|x64.Build.0 = DebugU|x64
		{7DDDC89C-2934-49B1-83C6-DAED66479C7B}.DebugU|x86.ActiveCfg = DebugU|Win32
		{7DDDC89C-2934-49B1-83C6-DAED66479C7B}.DebugU|x86.Build.0 = DebugU|Win32
		{7DDDC89C-2934-49B1-83C6-DAED66479C7B}.Release|Win32.ActiveCfg = Release|Win32
		{7DDDC89C-2934-49B1-83C6-DAED66479C7B}.Release|x64.ActiveCfg = Release|x64
		{7DDDC89C-2934-49B1-83C6-DAED66479C7B}.Release|x64.Build.0 = Release|x64
		{7DDDC89C-2934-49B1-83C6-DAED66479C7B}.Release|x86.ActiveCfg = Release|Win32
		{7DDDC89C-2934-49B1-83C6-DAED66479C7B}.Release|x86.Build.0 = Release|Win32
		{7DDDC89C-2934-49B1-83C6-DAED66479C7B}.ReleaseU|Win32.ActiveCfg = ReleaseU|Win32
		{7DDDC89C-2934-49B1-83C6-DAED66479C7B}.ReleaseU|x64.ActiveCfg = ReleaseU|x64
		{7DDDC89C-2934-49B1-83C6-DAED66479C7B}.ReleaseU|x64.Build.0 = ReleaseU|x64
		{7DDDC89C-2934-49B1-83C6-DAED66479C7B}.ReleaseU|x86.ActiveCfg = ReleaseU|Win32
		{7DDDC89C-2934-49B1-83C6-DAED66479C7B}.ReleaseU|x86.Build.0 = ReleaseU|Win32
	EndGlobalSection
	GlobalSection(SolutionProperties) = preSolution
		HideSolutionNode = FALSE
	EndGlobalSection
EndGlobal
